<?xml version="1.0" encoding="utf-8"?>
<Project ToolsVersion="4.0" xmlns="http://schemas.microsoft.com/developer/msbuild/2003">
  <ItemGroup>
    <ClCompile Include="GStar_init.cpp" />
    <ClCompile Include="GLAD\glad.c">
      <Filter>OpenGl</Filter>
    </ClCompile>
    <ClCompile Include="ConsolePrint.cpp">
      <Filter>Debug</Filter>
    </ClCompile>
    <ClCompile Include="HeapManager.cpp">
      <Filter>HeapManager</Filter>
    </ClCompile>
    <ClCompile Include="HeapManagerProxy.cpp">
      <Filter>HeapManager</Filter>
    </ClCompile>
    <ClCompile Include="Matrix.cpp">
      <Filter>Math</Filter>
    </ClCompile>
    <ClCompile Include="MyString.cpp">
      <Filter>MyString</Filter>
    </ClCompile>
    <ClCompile Include="Controller.cpp">
      <Filter>OpenGl\Core</Filter>
    </ClCompile>
    <ClCompile Include="Scene.cpp">
      <Filter>OpenGl\Core</Filter>
    </ClCompile>
    <ClCompile Include="stb_activate.cpp">
      <Filter>Debug</Filter>
    </ClCompile>
    <ClCompile Include="View.cpp">
      <Filter>OpenGl\Core</Filter>
    </ClCompile>
    <ClCompile Include="Camera.cpp">
      <Filter>OpenGl\Core\Camera</Filter>
    </ClCompile>
    <ClCompile Include="Shader.cpp">
      <Filter>OpenGl\Core\Shader</Filter>
    </ClCompile>
    <ClCompile Include="MeshComponent.cpp">
      <Filter>Structure\Component</Filter>
    </ClCompile>
    <ClCompile Include="MeshManager.cpp">
      <Filter>Structure\Manager</Filter>
    </ClCompile>
    <ClCompile Include="ShaderManger.cpp">
      <Filter>Structure\Manager</Filter>
    </ClCompile>
    <ClCompile Include="ShaderComponent.cpp">
      <Filter>Structure\Component</Filter>
    </ClCompile>
    <ClCompile Include="TextureComponent.cpp">
      <Filter>Structure\Component</Filter>
    </ClCompile>
    <ClCompile Include="TextureManager.cpp">
      <Filter>Structure\Manager</Filter>
    </ClCompile>
    <ClCompile Include="Mesh.cpp">
      <Filter>OpenGl\Core\Mesh</Filter>
    </ClCompile>
    <ClCompile Include="Object.cpp">
      <Filter>Structure\Objects</Filter>
    </ClCompile>
    <ClCompile Include="UpdateObject.cpp">
      <Filter>Structure\Objects</Filter>
    </ClCompile>
    <ClCompile Include="Component.cpp">
      <Filter>Structure\Component</Filter>
    </ClCompile>
    <ClCompile Include="GLError.cpp" />
    <ClCompile Include="Main_Entrance.cpp">
      <Filter>Entrance</Filter>
    </ClCompile>
    <ClCompile Include="MemorySystem.cpp">
      <Filter>HeapManager</Filter>
    </ClCompile>
    <ClCompile Include="FixiedSizeAllocator.cpp">
      <Filter>HeapManager</Filter>
    </ClCompile>
    <ClCompile Include="MainEntrance.cpp">
      <Filter>Entrance</Filter>
    </ClCompile>
    <ClCompile Include="SceneInterface.cpp">
      <Filter>Entrance</Filter>
    </ClCompile>
    <ClCompile Include="LightManager.cpp" />
    <ClCompile Include="EventManager.cpp">
      <Filter>OpenGl\EventSystem</Filter>
    </ClCompile>
    <ClCompile Include="CameraManager.cpp">
      <Filter>Structure\Manager</Filter>
    </ClCompile>
    <ClCompile Include="PhysicManager.cpp">
      <Filter>Physics</Filter>
    </ClCompile>
    <ClCompile Include="GSTime.cpp">
      <Filter>Time</Filter>
    </ClCompile>
    <ClCompile Include="PhysicComponent.cpp">
      <Filter>Physics</Filter>
    </ClCompile>
    <ClCompile Include="SimpleRotationCopy.cpp" />
  </ItemGroup>
  <ItemGroup>
    <ClInclude Include="GStar_init.h" />
    <ClInclude Include="ConsolePrint.h">
      <Filter>Debug</Filter>
    </ClInclude>
    <ClInclude Include="Assert.h">
      <Filter>Debug</Filter>
    </ClInclude>
    <ClInclude Include="Coordinate.h">
      <Filter>Math</Filter>
    </ClInclude>
    <ClInclude Include="Debug.h">
      <Filter>Debug</Filter>
    </ClInclude>
    <ClInclude Include="HeapManager.h">
      <Filter>HeapManager</Filter>
    </ClInclude>
    <ClInclude Include="HeapManagerProxy.h">
      <Filter>HeapManager</Filter>
    </ClInclude>
    <ClInclude Include="Matrix4.h">
      <Filter>Math</Filter>
    </ClInclude>
    <ClInclude Include="MyString.h">
      <Filter>MyString</Filter>
    </ClInclude>
    <ClInclude Include="NormalCube.h">
      <Filter>OpenGl</Filter>
    </ClInclude>
    <ClInclude Include="Controller.h">
      <Filter>OpenGl\Core</Filter>
    </ClInclude>
    <ClInclude Include="Data.h">
      <Filter>OpenGl\Core</Filter>
    </ClInclude>
    <ClInclude Include="Scene.h">
      <Filter>OpenGl\Core</Filter>
    </ClInclude>
    <ClInclude Include="SingleLinkedList.h">
      <Filter>Container</Filter>
    </ClInclude>
    <ClInclude Include="Vector2.h">
      <Filter>Math</Filter>
    </ClInclude>
    <ClInclude Include="Vector3.h">
      <Filter>Math</Filter>
    </ClInclude>
    <ClInclude Include="View.h">
      <Filter>OpenGl\Core</Filter>
    </ClInclude>
    <ClInclude Include="Camera.h">
      <Filter>OpenGl\Core\Camera</Filter>
    </ClInclude>
    <ClInclude Include="Shader.h">
      <Filter>OpenGl\Core\Shader</Filter>
    </ClInclude>
    <ClInclude Include="MeshComponent.h">
      <Filter>Structure\Component</Filter>
    </ClInclude>
    <ClInclude Include="Component.h">
      <Filter>Structure\Component</Filter>
    </ClInclude>
    <ClInclude Include="MeshManager.h">
      <Filter>Structure\Manager</Filter>
    </ClInclude>
    <ClInclude Include="SingleLinkedDictionary.h">
      <Filter>Container</Filter>
    </ClInclude>
    <ClInclude Include="ShaderComponent.h">
      <Filter>Structure\Component</Filter>
    </ClInclude>
    <ClInclude Include="ShaderManger.h">
      <Filter>Structure\Manager</Filter>
    </ClInclude>
    <ClInclude Include="TextureComponent.h">
      <Filter>Structure\Component</Filter>
    </ClInclude>
    <ClInclude Include="GLINCLUDE.h">
      <Filter>OpenGl\Core</Filter>
    </ClInclude>
    <ClInclude Include="TextureManager.h">
      <Filter>Structure\Manager</Filter>
    </ClInclude>
    <ClInclude Include="Texture.h">
      <Filter>OpenGl\Core\Texture</Filter>
    </ClInclude>
    <ClInclude Include="Mesh.h">
      <Filter>OpenGl\Core\Mesh</Filter>
    </ClInclude>
    <ClInclude Include="Object.h">
      <Filter>Structure\Objects</Filter>
    </ClInclude>
    <ClInclude Include="UpdateObject.h">
      <Filter>Structure\Objects</Filter>
    </ClInclude>
    <ClInclude Include="TransformComponent.h">
      <Filter>Structure\Component</Filter>
    </ClInclude>
    <ClInclude Include="World.h">
      <Filter>OpenGl\Core\World</Filter>
    </ClInclude>
    <ClInclude Include="GLError.h">
      <Filter>OpenGl\Debug</Filter>
    </ClInclude>
    <ClInclude Include="SceneInterface.h">
      <Filter>Entrance</Filter>
    </ClInclude>
    <ClInclude Include="SimpleRotationCopy.h">
      <Filter>SimpleInterface</Filter>
    </ClInclude>
    <ClInclude Include="InterfaceComponent.h">
      <Filter>Entrance</Filter>
    </ClInclude>
    <ClInclude Include="BitArray.h">
      <Filter>HeapManager</Filter>
    </ClInclude>
    <ClInclude Include="MemorySystem.h">
      <Filter>HeapManager</Filter>
    </ClInclude>
    <ClInclude Include="FixiedSizeAllocator.h">
      <Filter>HeapManager</Filter>
    </ClInclude>
    <ClInclude Include="MainEntrance.h">
      <Filter>Entrance</Filter>
    </ClInclude>
    <ClInclude Include="LightManager.h">
      <Filter>Structure\Manager</Filter>
    </ClInclude>
    <ClInclude Include="LightComponent.h">
      <Filter>Structure\Component</Filter>
    </ClInclude>
    <ClInclude Include="EventManager.h">
      <Filter>OpenGl\EventSystem</Filter>
    </ClInclude>
    <ClInclude Include="Delegate.h">
      <Filter>OpenGl\EventSystem</Filter>
    </ClInclude>
    <ClInclude Include="EventUnite.h">
      <Filter>OpenGl\EventSystem</Filter>
    </ClInclude>
    <ClInclude Include="Event.h">
      <Filter>OpenGl\EventSystem</Filter>
    </ClInclude>
    <ClInclude Include="CameraComponent.h">
      <Filter>Structure\Component</Filter>
    </ClInclude>
    <ClInclude Include="KeyInputEvent.h">
      <Filter>Entrance</Filter>
    </ClInclude>
    <ClInclude Include="MouseInputEvent.h">
      <Filter>Entrance</Filter>
    </ClInclude>
    <ClInclude Include="CameraManager.h">
      <Filter>Structure\Manager</Filter>
    </ClInclude>
    <ClInclude Include="Trace.h">
      <Filter>Physics\Geometry</Filter>
    </ClInclude>
    <ClInclude Include="Rectangle.h">
      <Filter>Physics\Geometry</Filter>
    </ClInclude>
    <ClInclude Include="GeometryOperations.h">
      <Filter>Physics\Geometry</Filter>
    </ClInclude>
    <ClInclude Include="Compare.h">
      <Filter>Math</Filter>
    </ClInclude>
    <ClInclude Include="PhysicComponent.h">
      <Filter>Physics</Filter>
    </ClInclude>
    <ClInclude Include="PhysicManager.h">
      <Filter>Physics</Filter>
    </ClInclude>
    <ClInclude Include="GSTime.h">
      <Filter>Time</Filter>
    </ClInclude>
  </ItemGroup>
  <ItemGroup>
    <Image Include="wall.jpg">
      <Filter>OpenGl\Texture</Filter>
    </Image>
    <Image Include="woodcontainer.jpg">
      <Filter>OpenGl\Texture</Filter>
    </Image>
    <Image Include="awesomeface.png">
      <Filter>OpenGl\Texture</Filter>
    </Image>
    <Image Include="IronBox.png">
      <Filter>OpenGl\Texture</Filter>
    </Image>
    <Image Include="IronBox_specular.png">
      <Filter>OpenGl\Texture</Filter>
    </Image>
  </ItemGroup>
  <ItemGroup>
    <None Include="Excercise1.6.ves">
      <Filter>OpenGl\Shaders</Filter>
    </None>
    <None Include="Exercises1.4.ves">
      <Filter>OpenGl\Shaders</Filter>
    </None>
    <None Include="Exercises1.5.frs">
      <Filter>OpenGl\Shaders</Filter>
    </None>
    <None Include="FragmentShader.shader">
      <Filter>OpenGl\Shaders</Filter>
    </None>
    <None Include="FragmentShader1.2.shader">
      <Filter>OpenGl\Shaders</Filter>
    </None>
    <None Include="FragmentShader2.shader">
      <Filter>OpenGl\Shaders</Filter>
    </None>
    <None Include="VertexColor.frs">
      <Filter>OpenGl\Shaders</Filter>
    </None>
    <None Include="VertexColor.ves">
      <Filter>OpenGl\Shaders</Filter>
    </None>
    <None Include="VertexShader.shader">
      <Filter>OpenGl\Shaders</Filter>
    </None>
    <None Include="VertexShader2.shader">
      <Filter>OpenGl\Shaders</Filter>
    </None>
    <None Include="NTexture.ves">
      <Filter>OpenGl\Shaders\NewShaders</Filter>
    </None>
    <None Include="NTexture.frs">
      <Filter>OpenGl\Shaders\NewShaders</Filter>
    </None>
    <None Include="TLVertexColor.frs">
      <Filter>OpenGl\Shaders\NewShaders</Filter>
    </None>
    <None Include="TLVertexColor.ves">
      <Filter>OpenGl\Shaders\NewShaders</Filter>
    </None>
    <None Include="TextureMap.frs">
      <Filter>OpenGl\Shaders\NewShaders</Filter>
    </None>
    <None Include="TextureMap.ves">
      <Filter>OpenGl\Shaders\NewShaders</Filter>
    </None>
  </ItemGroup>
  <ItemGroup>
    <Filter Include="Math">
      <UniqueIdentifier>{70f15384-e0e9-4740-871f-722b0a467672}</UniqueIdentifier>
    </Filter>
    <Filter Include="OpenGl">
      <UniqueIdentifier>{2235d129-c460-49b5-94f9-1dc28a9f6090}</UniqueIdentifier>
    </Filter>
    <Filter Include="Debug">
      <UniqueIdentifier>{80c448ae-427b-4f63-bd60-877d2cc66823}</UniqueIdentifier>
    </Filter>
    <Filter Include="HeapManager">
      <UniqueIdentifier>{b041a55e-a5f4-4189-836f-3a84b8e567b1}</UniqueIdentifier>
    </Filter>
    <Filter Include="MyString">
      <UniqueIdentifier>{a4d7e281-dd43-425c-a0e9-1c0be51f936e}</UniqueIdentifier>
    </Filter>
    <Filter Include="OpenGl\Shaders">
      <UniqueIdentifier>{d10c78f4-f327-4b56-b094-9e61c2a11879}</UniqueIdentifier>
    </Filter>
    <Filter Include="OpenGl\Core">
      <UniqueIdentifier>{0e203f72-e48a-4a48-bbfd-c27aa33677ca}</UniqueIdentifier>
    </Filter>
    <Filter Include="Container">
      <UniqueIdentifier>{3ab2b6fd-dedb-4f01-9467-6680b84afc9c}</UniqueIdentifier>
    </Filter>
    <Filter Include="OpenGl\Texture">
      <UniqueIdentifier>{bc9ebce1-ecfa-40d3-88ae-6f03d4348c28}</UniqueIdentifier>
    </Filter>
    <Filter Include="OpenGl\Core\Camera">
      <UniqueIdentifier>{7f71c9ba-6d1c-4c61-8a5a-5bb87f4605f6}</UniqueIdentifier>
    </Filter>
    <Filter Include="Structure">
      <UniqueIdentifier>{59d18350-f82d-47f8-bdb0-c05d43364451}</UniqueIdentifier>
    </Filter>
    <Filter Include="Structure\Component">
      <UniqueIdentifier>{dfa2ccef-cb65-4fd6-9a9c-aea0706f0d6a}</UniqueIdentifier>
    </Filter>
    <Filter Include="Structure\Manager">
      <UniqueIdentifier>{4cf51011-9a23-4920-b09e-00e0a04cd5eb}</UniqueIdentifier>
    </Filter>
    <Filter Include="OpenGl\Core\Shader">
      <UniqueIdentifier>{943fadb7-94de-4381-9375-250d68197118}</UniqueIdentifier>
    </Filter>
    <Filter Include="OpenGl\Core\Texture">
      <UniqueIdentifier>{abe41098-92f1-4d78-befa-a5112c5b44c2}</UniqueIdentifier>
    </Filter>
    <Filter Include="OpenGl\Core\Mesh">
      <UniqueIdentifier>{5ad54a04-3aa7-4082-8d9d-f834bd4cd25e}</UniqueIdentifier>
    </Filter>
    <Filter Include="Structure\Objects">
      <UniqueIdentifier>{2d40643a-d300-46be-8e1a-ad0bb865dd8a}</UniqueIdentifier>
    </Filter>
    <Filter Include="OpenGl\Core\World">
      <UniqueIdentifier>{57af069c-4d64-437b-8dd7-ce1c5192363f}</UniqueIdentifier>
    </Filter>
    <Filter Include="OpenGl\Debug">
      <UniqueIdentifier>{ed933325-52f7-4e71-bf63-086c79950a9d}</UniqueIdentifier>
    </Filter>
    <Filter Include="Entrance">
      <UniqueIdentifier>{f46391c3-48d6-442a-b872-95cc10627a74}</UniqueIdentifier>
    </Filter>
    <Filter Include="SimpleInterface">
      <UniqueIdentifier>{5ef075d2-315a-4b70-9cc0-1772b59dd679}</UniqueIdentifier>
    </Filter>
    <Filter Include="OpenGl\Shaders\NewShaders">
      <UniqueIdentifier>{7e098b22-1a44-49a4-b212-f2f2cb8a5afc}</UniqueIdentifier>
    </Filter>
    <Filter Include="OpenGl\EventSystem">
      <UniqueIdentifier>{ad7c4843-74ad-464f-b874-f7b7ac841571}</UniqueIdentifier>
    </Filter>
    <Filter Include="Physics">
      <UniqueIdentifier>{a374dca5-d572-4cf1-bcde-bc762a76fbe5}</UniqueIdentifier>
    </Filter>
    <Filter Include="Physics\Geometry">
      <UniqueIdentifier>{a06bf765-af84-4035-81ab-15ecdffbf843}</UniqueIdentifier>
    </Filter>
    <Filter Include="Time">
      <UniqueIdentifier>{84da8775-1006-4a82-9d16-7b4be741c58d}</UniqueIdentifier>
    </Filter>
  </ItemGroup>
</Project>