<?xml version="1.0" encoding="utf-8"?>
<Project ToolsVersion="4.0" xmlns="http://schemas.microsoft.com/developer/msbuild/2003">
  <ItemGroup>
    <ClCompile Include="Game.cpp" />
    <ClCompile Include="Monster.cpp" />
    <ClCompile Include="main.cpp" />
    <ClCompile Include="KeyControlComponent.cpp">
      <Filter>Interfaces</Filter>
    </ClCompile>
    <ClCompile Include="PhysicBasedController.cpp">
      <Filter>Interfaces</Filter>
    </ClCompile>
    <ClCompile Include="SimpleForce.cpp">
      <Filter>Interfaces</Filter>
    </ClCompile>
    <ClCompile Include="SimpleRotation.cpp">
      <Filter>Interfaces</Filter>
    </ClCompile>
    <ClCompile Include="MT_MAIN.cpp">
      <Filter>MT</Filter>
    </ClCompile>
  </ItemGroup>
  <ItemGroup>
    <ClInclude Include="Game.h" />
    <ClInclude Include="Monster.h" />
    <ClInclude Include="SimpleRotation.h">
      <Filter>Interfaces</Filter>
    </ClInclude>
    <ClInclude Include="LightScene.h">
      <Filter>Interfaces</Filter>
    </ClInclude>
    <ClInclude Include="KeyControlComponent.h">
      <Filter>Interfaces</Filter>
    </ClInclude>
    <ClInclude Include="PhysicBasedController.h">
      <Filter>Interfaces</Filter>
    </ClInclude>
    <ClInclude Include="SimpleForce.h">
      <Filter>Interfaces</Filter>
    </ClInclude>
    <ClInclude Include="TestScene.h">
      <Filter>Interfaces</Filter>
    </ClInclude>
    <ClInclude Include="MT_MAIN.hpp">
      <Filter>MT</Filter>
    </ClInclude>
  </ItemGroup>
  <ItemGroup>
    <Filter Include="Interfaces">
      <UniqueIdentifier>{b08783bf-950d-4fbf-84dc-03732d07c8f3}</UniqueIdentifier>
    </Filter>
    <Filter Include="GameObjects">
      <UniqueIdentifier>{5a04c975-9e56-4281-b0f6-5863a3328ffa}</UniqueIdentifier>
    </Filter>
    <Filter Include="MT">
      <UniqueIdentifier>{f32a6279-b5da-46f6-b211-1db9114a4753}</UniqueIdentifier>
    </Filter>
  </ItemGroup>
  <ItemGroup>
    <None Include="Sprite.lua">
      <Filter>GameObjects</Filter>
    </None>
  </ItemGroup>
  <ItemGroup>
    <Text Include="ReadMe.txt" />
  </ItemGroup>
</Project>